
Microsoft Visual Studio Solution File, Format Version 12.00
# Visual Studio Version 16
VisualStudioVersion = 16.0.29123.88
MinimumVisualStudioVersion = 10.0.40219.1
Project("{FAE04EC0-301F-11D3-BF4B-00C04F79EFBC}") = "Cw1", "Cw1\Cw1.csproj", "{99AE1D68-04E8-43F9-9ADD-3856B12A6DEF}"
EndProject
Global
	GlobalSection(SolutionConfigurationPlatforms) = preSolution
		Debug|Any CPU = Debug|Any CPU
		Release|Any CPU = Release|Any CPU
	EndGlobalSection
	GlobalSection(ProjectConfigurationPlatforms) = postSolution
		{99AE1D68-04E8-43F9-9ADD-3856B12A6DEF}.Debug|Any CPU.ActiveCfg = Debug|Any CPU
		{99AE1D68-04E8-43F9-9ADD-3856B12A6DEF}.Debug|Any CPU.Build.0 = Debug|Any CPU
		{99AE1D68-04E8-43F9-9ADD-3856B12A6DEF}.Release|Any CPU.ActiveCfg = Release|Any CPU
		{99AE1D68-04E8-43F9-9ADD-3856B12A6DEF}.Release|Any CPU.Build.0 = Release|Any CPU
	EndGlobalSection
	GlobalSection(SolutionProperties) = preSolution
		HideSolutionNode = FALSE
	EndGlobalSection
	GlobalSection(ExtensibilityGlobals) = postSolution
		SolutionGuid = {60470EF2-834C-4F2D-A881-2C25AA62E3AE}
	EndGlobalSection
EndGlobal
